{
  "version": "5",
  "specifiers": {
    "jsr:@supabase/functions-js@*": "2.108.1"
  },
  "jsr": {
    "@supabase/functions-js@2.108.1": {
      "integrity": "ac161d85d6696e77aebc78314e90e5a84df3e2eef045ad29c18d759478e9769b"
    }
  },
  "redirects": {
    "https://esm.sh/@supabase/node-fetch@^2.6.13?target=denonext": "https://esm.sh/@supabase/node-fetch@2.6.15?target=denonext",
    "https://esm.sh/@supabase/node-fetch@^2.6.14?target=denonext": "https://esm.sh/@supabase/node-fetch@2.6.15?target=denonext",
    "https://esm.sh/@supabase/phoenix@^0.4.2?target=denonext": "https://esm.sh/@supabase/phoenix@0.4.2?target=denonext",
    "https://esm.sh/@supabase/supabase-js@2": "https://esm.sh/@supabase/supabase-js@2.108.1",
    "https://esm.sh/iceberg-js@^0.8.1?target=denonext": "https://esm.sh/iceberg-js@0.8.1?target=denonext",
    "https://esm.sh/tr46@~0.0.3?target=denonext": "https://esm.sh/tr46@0.0.3?target=denonext",
    "https://esm.sh/webidl-conversions@^3.0.0?target=denonext": "https://esm.sh/webidl-conversions@3.0.1?target=denonext",
    "https://esm.sh/whatwg-url@^5.0.0?target=denonext": "https://esm.sh/whatwg-url@5.0.0?target=denonext"
  },
  "remote": {
    "https://deno.land/std@0.168.0/async/abortable.ts": "80b2ac399f142cc528f95a037a7d0e653296352d95c681e284533765961de409",
    "https://deno.land/std@0.168.0/async/deadline.ts": "2c2deb53c7c28ca1dda7a3ad81e70508b1ebc25db52559de6b8636c9278fd41f",
    "https://deno.land/std@0.168.0/async/debounce.ts": "60301ffb37e730cd2d6f9dadfd0ecb2a38857681bd7aaf6b0a106b06e5210a98",
    "https://deno.land/std@0.168.0/async/deferred.ts": "77d3f84255c3627f1cc88699d8472b664d7635990d5358c4351623e098e917d6",
    "https://deno.land/std@0.168.0/async/delay.ts": "5a9bfba8de38840308a7a33786a0155a7f6c1f7a859558ddcec5fe06e16daf57",
    "https://deno.land/std@0.168.0/async/mod.ts": "7809ad4bb223e40f5fdc043e5c7ca04e0e25eed35c32c3c32e28697c553fa6d9",
    "https://deno.land/std@0.168.0/async/mux_async_iterator.ts": "770a0ff26c59f8bbbda6b703a2235f04e379f73238e8d66a087edc68c2a2c35f",
    "https://deno.land/std@0.168.0/async/pool.ts": "6854d8cd675a74c73391c82005cbbe4cc58183bddcd1fbbd7c2bcda42b61cf69",
    "https://deno.land/std@0.168.0/async/retry.ts": "e8e5173623915bbc0ddc537698fa418cf875456c347eda1ed453528645b42e67",
    "https://deno.land/std@0.168.0/async/tee.ts": "3a47cc4e9a940904fd4341f0224907e199121c80b831faa5ec2b054c6d2eff5e",
    "https://deno.land/std@0.168.0/http/server.ts": "e99c1bee8a3f6571ee4cdeb2966efad465b8f6fe62bec1bdb59c1f007cc4d155",
    "https://deno.land/std@0.177.0/async/abortable.ts": "73acfb3ed7261ce0d930dbe89e43db8d34e017b063cf0eaa7d215477bf53442e",
    "https://deno.land/std@0.177.0/async/deadline.ts": "c5facb0b404eede83e38bd2717ea8ab34faa2ffb20ef87fd261fcba32ba307aa",
    "https://deno.land/std@0.177.0/async/debounce.ts": "adab11d04ca38d699444ac8a9d9856b4155e8dda2afd07ce78276c01ea5a4332",
    "https://deno.land/std@0.177.0/async/deferred.ts": "42790112f36a75a57db4a96d33974a936deb7b04d25c6084a9fa8a49f135def8",
    "https://deno.land/std@0.177.0/async/delay.ts": "73aa04cec034c84fc748c7be49bb15cac3dd43a57174bfdb7a4aec22c248f0dd",
    "https://deno.land/std@0.177.0/async/mod.ts": "f04344fa21738e5ad6bea37a6bfffd57c617c2d372bb9f9dcfd118a1b622e576",
    "https://deno.land/std@0.177.0/async/mux_async_iterator.ts": "70c7f2ee4e9466161350473ad61cac0b9f115cff4c552eaa7ef9d50c4cbb4cc9",
    "https://deno.land/std@0.177.0/async/pool.ts": "fd082bd4aaf26445909889435a5c74334c017847842ec035739b4ae637ae8260",
    "https://deno.land/std@0.177.0/async/retry.ts": "5efa3ba450ac0c07a40a82e2df296287b5013755d232049efd7ea2244f15b20f",
    "https://deno.land/std@0.177.0/async/tee.ts": "47e42d35f622650b02234d43803d0383a89eb4387e1b83b5a40106d18ae36757",
    "https://deno.land/std@0.177.0/http/server.ts": "cbb17b594651215ba95c01a395700684e569c165a567e4e04bba327f41197433",
    "https://deno.land/std@0.224.0/async/delay.ts": "f90dd685b97c2f142b8069082993e437b1602b8e2561134827eeb7c12b95c499",
    "https://deno.land/std@0.224.0/http/server.ts": "f9313804bf6467a1704f45f76cb6cd0a3396a3b31c316035e6a4c2035d1ea514",
    "https://deno.land/std@0.99.0/_util/assert.ts": "2f868145a042a11d5ad0a3c748dcf580add8a0dbc0e876eaa0026303a5488f58",
    "https://deno.land/std@0.99.0/_util/os.ts": "e282950a0eaa96760c0cf11e7463e66babd15ec9157d4c9ed49cc0925686f6a7",
    "https://deno.land/std@0.99.0/path/_constants.ts": "1247fee4a79b70c89f23499691ef169b41b6ccf01887a0abd131009c5581b853",
    "https://deno.land/std@0.99.0/path/_interface.ts": "1fa73b02aaa24867e481a48492b44f2598cd9dfa513c7b34001437007d3642e4",
    "https://deno.land/std@0.99.0/path/_util.ts": "2e06a3b9e79beaf62687196bd4b60a4c391d862cfa007a20fc3a39f778ba073b",
    "https://deno.land/std@0.99.0/path/common.ts": "eaf03d08b569e8a87e674e4e265e099f237472b6fd135b3cbeae5827035ea14a",
    "https://deno.land/std@0.99.0/path/glob.ts": "314ad9ff263b895795208cdd4d5e35a44618ca3c6dd155e226fb15d065008652",
    "https://deno.land/std@0.99.0/path/mod.ts": "4465dc494f271b02569edbb4a18d727063b5dbd6ed84283ff906260970a15d12",
    "https://deno.land/std@0.99.0/path/posix.ts": "f56c3c99feb47f30a40ce9d252ef6f00296fa7c0fcb6dd81211bdb3b8b99ca3b",
    "https://deno.land/std@0.99.0/path/separator.ts": "8fdcf289b1b76fd726a508f57d3370ca029ae6976fcde5044007f062e643ff1c",
    "https://deno.land/std@0.99.0/path/win32.ts": "77f7b3604e0de40f3a7c698e8a79e7f601dc187035a1c21cb1e596666ce112f8",
    "https://deno.land/x/media_types@v2.9.0/db.ts": "ba39cddbcefce47d577c0529066787a3a7b39d27750a6d32b5ad53ed487e7b7b",
    "https://deno.land/x/media_types@v2.9.0/deps.ts": "364b24c35845cfd5c6903ab22b8ba9873bf1022bbbf6bf3d001695332d4bbb4f",
    "https://deno.land/x/media_types@v2.9.0/mod.ts": "d63583b978d32eff8b76e1ae5d83cba2fb27baa90cc1bcb0ad15a06122ea8c19",
    "https://deno.land/x/xhr@0.1.0/mod.ts": "5200325d879e571961f0927e8e32e66fd33f4ba0d29a219560cf9e0fe9bc6cdf",
    "https://esm.sh/@supabase/auth-js@2.108.1/denonext/auth-js.mjs": "7444f8b83853c22f4547fe8e385d3c1ff7b646ad07af0e268efc4a45c2b0767c",
    "https://esm.sh/@supabase/auth-js@2.72.0/denonext/auth-js.mjs": "10cbbc4c0ecefc50d6405b050eb5f1e8569a48cb5946eac804509288861bea49",
    "https://esm.sh/@supabase/functions-js@2.108.1/denonext/functions-js.mjs": "8281d7c05253d84450217f5b76c0b2076705a5388429aa4b582c0aa6cd4c9d27",
    "https://esm.sh/@supabase/functions-js@2.5.0/denonext/functions-js.mjs": "645db5cac9935930b4662d500fc70213d32d4717ca73d6fac0cb8127059a3f7a",
    "https://esm.sh/@supabase/node-fetch@2.6.15/denonext/node-fetch.mjs": "0bae9052231f4f6dbccc7234d05ea96923dbf967be12f402764580b6bf9f713d",
    "https://esm.sh/@supabase/node-fetch@2.6.15?target=denonext": "4d28c4ad97328403184353f68434f2b6973971507919e9150297413664919cf3",
    "https://esm.sh/@supabase/phoenix@0.4.2/denonext/phoenix.mjs": "8099a9b1277ec1776f0d0ae15e35be72b87b541a3f787b5477a11b546c8d62a9",
    "https://esm.sh/@supabase/phoenix@0.4.2?target=denonext": "0790ada96f524af71c1af9a3f01b5517bd6e90e9e7e22e4c5436b92bc1534e8d",
    "https://esm.sh/@supabase/postgrest-js@1.21.4/denonext/postgrest-js.mjs": "c3769b11ef02debc78ecf6ab4e152d3cf7dbd05bbbafeb72c160e76cc57cda3c",
    "https://esm.sh/@supabase/postgrest-js@2.108.1/denonext/postgrest-js.mjs": "42cf937da414cda576171052c10ee7745ed6487089ecacff1da6db70d7bdb2bd",
    "https://esm.sh/@supabase/realtime-js@2.108.1/denonext/realtime-js.mjs": "8c41774cb45dd3fdfe2c9b2b0964f6e707db46e105d8137bf70c0048539c02d6",
    "https://esm.sh/@supabase/realtime-js@2.15.5/denonext/realtime-js.mjs": "518bdc73c29b502ba4dcf7ce2dff0ff8c1cbd8e5978f7ea2435af8214ea45dd5",
    "https://esm.sh/@supabase/storage-js@2.108.1/denonext/storage-js.mjs": "890db0e0ae32c624688ea5c93015cad75a1bf6f62cb963683e9d00c7346f5d75",
    "https://esm.sh/@supabase/storage-js@2.12.2/denonext/storage-js.mjs": "9d8c1d572691696db0294fe3a7c08991b63d704f56a1ec3d0d75907f417ca5e4",
    "https://esm.sh/@supabase/supabase-js@2.108.1": "fca0990662d240263b440bc055ea919312c0d27f7ab295e835e1644cf49200ce",
    "https://esm.sh/@supabase/supabase-js@2.108.1/denonext/supabase-js.mjs": "8a0b1a85c2aa73ef81dc9798508f1b8d7a980ea100bde88c9453fc90f1e1afc2",
    "https://esm.sh/@supabase/supabase-js@2.58.0": "7dabd2478b8ee4e38a36544ae38af5f437d745f55bc52d6cb0841e57b21c32a4",
    "https://esm.sh/@supabase/supabase-js@2.58.0/denonext/supabase-js.mjs": "a8631669bd5bf3242db4cd6b098270f250fc12672b787ac9801fa0d4a07aea65",
    "https://esm.sh/iceberg-js@0.8.1/denonext/iceberg-js.mjs": "d839d81a2e3966500ca2cdd0c1cb458e9608bacfc91f7bb67a69b2e878dcdb4f",
    "https://esm.sh/iceberg-js@0.8.1?target=denonext": "58c849d7fe2bf4eca4a84eb501e83c161a7d8c34ca1bec15a962b3bec3062633",
    "https://esm.sh/tr46@0.0.3/denonext/tr46.mjs": "5753ec0a99414f4055f0c1f97691100f13d88e48a8443b00aebb90a512785fa2",
    "https://esm.sh/tr46@0.0.3?target=denonext": "19cb9be0f0d418a0c3abb81f2df31f080e9540a04e43b0f699bce1149cba0cbb",
    "https://esm.sh/tslib@2.8.1/denonext/tslib.mjs": "c38da5dd6da6281964435002ce204cd586634fe3bdfb24a0ee116f48cf3292e9",
    "https://esm.sh/webidl-conversions@3.0.1/denonext/webidl-conversions.mjs": "238cd0743827707cbc1c2d7c2cf1027dbc536fb53ec9a3fde0ff8026a3ac5385",
    "https://esm.sh/webidl-conversions@3.0.1?target=denonext": "4e20318d50528084616c79d7b3f6e7f0fe7b6d09013bd01b3974d7448d767e29",
    "https://esm.sh/whatwg-url@5.0.0/denonext/whatwg-url.mjs": "29b16d74ee72624c915745bbd25b617cfd2248c6af0f5120d131e232a9a9af79",
    "https://esm.sh/whatwg-url@5.0.0?target=denonext": "f001a2cadf81312d214ca330033f474e74d81a003e21e8c5d70a1f46dc97b02d"
  },
  "workspace": {
    "packageJson": {
      "dependencies": [
        "npm:@11labs/react@0.2",
        "npm:@anthropic-ai/sdk@0.102",
        "npm:@embedded-postgres/windows-x64@^18.4.0-beta.17",
        "npm:@eslint/js@^9.9.0",
        "npm:@google/generative-ai@0.21",
        "npm:@hookform/resolvers@^3.9.0",
        "npm:@huggingface/transformers@^3.7.2",
        "npm:@humeai/voice-react@~0.2.3",
        "npm:@mlc-ai/web-llm@~0.2.79",
        "npm:@radix-ui/react-accordion@^1.2.0",
        "npm:@radix-ui/react-alert-dialog@^1.1.1",
        "npm:@radix-ui/react-aspect-ratio@^1.1.0",
        "npm:@radix-ui/react-avatar@^1.1.0",
        "npm:@radix-ui/react-checkbox@^1.1.1",
        "npm:@radix-ui/react-collapsible@^1.1.0",
        "npm:@radix-ui/react-context-menu@^2.2.1",
        "npm:@radix-ui/react-dialog@^1.1.1",
        "npm:@radix-ui/react-dropdown-menu@^2.1.1",
        "npm:@radix-ui/react-hover-card@^1.1.1",
        "npm:@radix-ui/react-label@^2.1.0",
        "npm:@radix-ui/react-menubar@^1.1.1",
        "npm:@radix-ui/react-navigation-menu@^1.2.0",
        "npm:@radix-ui/react-popover@^1.1.1",
        "npm:@radix-ui/react-progress@^1.1.0",
        "npm:@radix-ui/react-radio-group@^1.2.0",
        "npm:@radix-ui/react-scroll-area@^1.1.0",
        "npm:@radix-ui/react-select@^2.1.1",
        "npm:@radix-ui/react-separator@^1.1.0",
        "npm:@radix-ui/react-slider@^1.2.0",
        "npm:@radix-ui/react-slot@^1.1.0",
        "npm:@radix-ui/react-switch@^1.1.0",
        "npm:@radix-ui/react-tabs@^1.1.13",
        "npm:@radix-ui/react-toast@^1.2.1",
        "npm:@radix-ui/react-toggle-group@^1.1.0",
        "npm:@radix-ui/react-toggle@^1.1.0",
        "npm:@radix-ui/react-tooltip@^1.1.2",
        "npm:@supabase/supabase-js@^2.46.2",
        "npm:@tailwindcss/typography@~0.5.15",
        "npm:@tanstack/react-query@^5.56.2",
        "npm:@types/node@^22.5.5",
        "npm:@types/react-dom@^18.3.0",
        "npm:@types/react-syntax-highlighter@^15.5.13",
        "npm:@types/react@^18.3.3",
        "npm:@vitejs/plugin-react-swc@^3.11.0",
        "npm:@wagmi/core@^2.22.1",
        "npm:@web3-react/core@^8.2.3",
        "npm:@web3-react/metamask@^8.2.4",
        "npm:@web3modal/wagmi@^5.1.11",
        "npm:autoprefixer@^10.4.20",
        "npm:body-parser@^2.2.2",
        "npm:chokidar@^4.0.1",
        "npm:class-variance-authority@0.7",
        "npm:clsx@^2.1.1",
        "npm:cmdk@1",
        "npm:cors@^2.8.5",
        "npm:date-fns@^3.6.0",
        "npm:dotenv@^16.4.5",
        "npm:embedded-postgres@^18.4.0-beta.17",
        "npm:embla-carousel-react@^8.3.0",
        "npm:esbuild@0.24",
        "npm:eslint-plugin-react-hooks@^5.1.0-rc.0",
        "npm:eslint-plugin-react-refresh@~0.4.9",
        "npm:eslint@^9.9.0",
        "npm:ethers@^6.16.0",
        "npm:express@^4.21.2",
        "npm:globals@^15.9.0",
        "npm:husky@^9.0.11",
        "npm:input-otp@^1.2.4",
        "npm:lovable-tagger@^1.1.11",
        "npm:lucide-react@0.451",
        "npm:next-themes@0.3",
        "npm:node-fetch@^3.3.2",
        "npm:openai@^5.23.2",
        "npm:pg@^8.13.1",
        "npm:postcss@^8.5.14",
        "npm:qrcode.react@^4.2.0",
        "npm:react-day-picker@^8.10.1",
        "npm:react-dom@^18.3.1",
        "npm:react-helmet-async@^2.0.5",
        "npm:react-hook-form@^7.53.0",
        "npm:react-markdown@^10.1.0",
        "npm:react-resizable-panels@^2.1.3",
        "npm:react-router-dom@^6.30.3",
        "npm:react-syntax-highlighter@^16.1.1",
        "npm:react@^18.3.1",
        "npm:recharts@^2.12.7",
        "npm:resend@^6.12.4",
        "npm:sonner@^1.5.0",
        "npm:stripe@^22.2.0",
        "npm:supabase@^2.78.1",
        "npm:tailwind-merge@^2.5.2",
        "npm:tailwindcss-animate@^1.0.7",
        "npm:tailwindcss@^3.4.11",
        "npm:twilio@^6.0.2",
        "npm:typescript-eslint@^8.0.1",
        "npm:typescript@^5.5.3",
        "npm:vaul@~0.9.3",
        "npm:viem@^2.38.6",
        "npm:vite@^7.3.2",
        "npm:wagmi@^2.19.2",
        "npm:web3@^4.16.0",
        "npm:zod@^3.23.8"
      ]
    }
  }
}
